
Microsoft Visual Studio Solution File, Format Version 12.00
Project("{FAE04EC0-301F-11D3-BF4B-00C04F79EFBC}") = "PokemonLocations.Api", "PokemonLocations.Api\PokemonLocations.Api.csproj", "{961A4181-41E8-4EEA-9860-A5BCEAC5714A}"
EndProject
Project("{FAE04EC0-301F-11D3-BF4B-00C04F79EFBC}") = "PokemonLocations.Api.Tests", "PokemonLocations.Api.Tests\PokemonLocations.Api.Tests.csproj", "{A88A9EC0-A0EA-49CE-A854-849537F15DE9}"
EndProject
Project("{FAE04EC0-301F-11D3-BF4B-00C04F79EFBC}") = "PokemonLocations.TokenIssuer", "PokemonLocations.TokenIssuer\PokemonLocations.TokenIssuer.csproj", "{CACFF59C-13B7-4C2B-9FD1-41F0E3BACBFC}"
EndProject
Project("{FAE04EC0-301F-11D3-BF4B-00C04F79EFBC}") = "PokemonLocations.TokenIssuer.Tests", "PokemonLocations.TokenIssuer.Tests\PokemonLocations.TokenIssuer.Tests.csproj", "{F80BBEFF-9160-405F-AA21-3734159165D1}"
EndProject
Global
	GlobalSection(SolutionConfigurationPlatforms) = preSolution
		Debug|Any CPU = Debug|Any CPU
		Debug|x64 = Debug|x64
		Debug|x86 = Debug|x86
		Release|Any CPU = Release|Any CPU
		Release|x64 = Release|x64
		Release|x86 = Release|x86
	EndGlobalSection
	GlobalSection(ProjectConfigurationPlatforms) = postSolution
		{961A4181-41E8-4EEA-9860-A5BCEAC5714A}.Debug|Any CPU.ActiveCfg = Debug|Any CPU
		{961A4181-41E8-4EEA-9860-A5BCEAC5714A}.Debug|Any CPU.Build.0 = Debug|Any CPU
		{961A4181-41E8-4EEA-9860-A5BCEAC5714A}.Debug|x64.ActiveCfg = Debug|Any CPU
		{961A4181-41E8-4EEA-9860-A5BCEAC5714A}.Debug|x64.Build.0 = Debug|Any CPU
		{961A4181-41E8-4EEA-9860-A5BCEAC5714A}.Debug|x86.ActiveCfg = Debug|Any CPU
		{961A4181-41E8-4EEA-9860-A5BCEAC5714A}.Debug|x86.Build.0 = Debug|Any CPU
		{961A4181-41E8-4EEA-9860-A5BCEAC5714A}.Release|Any CPU.ActiveCfg = Release|Any CPU
		{961A4181-41E8-4EEA-9860-A5BCEAC5714A}.Release|Any CPU.Build.0 = Release|Any CPU
		{961A4181-41E8-4EEA-9860-A5BCEAC5714A}.Release|x64.ActiveCfg = Release|Any CPU
		{961A4181-41E8-4EEA-9860-A5BCEAC5714A}.Release|x64.Build.0 = Release|Any CPU
		{961A4181-41E8-4EEA-9860-A5BCEAC5714A}.Release|x86.ActiveCfg = Release|Any CPU
		{961A4181-41E8-4EEA-9860-A5BCEAC5714A}.Release|x86.Build.0 = Release|Any CPU
		{A88A9EC0-A0EA-49CE-A854-849537F15DE9}.Debug|Any CPU.ActiveCfg = Debug|Any CPU
		{A88A9EC0-A0EA-49CE-A854-849537F15DE9}.Debug|Any CPU.Build.0 = Debug|Any CPU
		{A88A9EC0-A0EA-49CE-A854-849537F15DE9}.Debug|x64.ActiveCfg = Debug|Any CPU
		{A88A9EC0-A0EA-49CE-A854-849537F15DE9}.Debug|x64.Build.0 = Debug|Any CPU
		{A88A9EC0-A0EA-49CE-A854-849537F15DE9}.Debug|x86.ActiveCfg = Debug|Any CPU
		{A88A9EC0-A0EA-49CE-A854-849537F15DE9}.Debug|x86.Build.0 = Debug|Any CPU
		{A88A9EC0-A0EA-49CE-A854-849537F15DE9}.Release|Any CPU.ActiveCfg = Release|Any CPU
		{A88A9EC0-A0EA-49CE-A854-849537F15DE9}.Release|Any CPU.Build.0 = Release|Any CPU
		{A88A9EC0-A0EA-49CE-A854-849537F15DE9}.Release|x64.ActiveCfg = Release|Any CPU
		{A88A9EC0-A0EA-49CE-A854-849537F15DE9}.Release|x64.Build.0 = Release|Any CPU
		{A88A9EC0-A0EA-49CE-A854-849537F15DE9}.Release|x86.ActiveCfg = Release|Any CPU
		{A88A9EC0-A0EA-49CE-A854-849537F15DE9}.Release|x86.Build.0 = Release|Any CPU
		{CACFF59C-13B7-4C2B-9FD1-41F0E3BACBFC}.Debug|Any CPU.ActiveCfg = Debug|Any CPU
		{CACFF59C-13B7-4C2B-9FD1-41F0E3BACBFC}.Debug|Any CPU.Build.0 = Debug|Any CPU
		{CACFF59C-13B7-4C2B-9FD1-41F0E3BACBFC}.Debug|x64.ActiveCfg = Debug|Any CPU
		{CACFF59C-13B7-4C2B-9FD1-41F0E3BACBFC}.Debug|x64.Build.0 = Debug|Any CPU
		{CACFF59C-13B7-4C2B-9FD1-41F0E3BACBFC}.Debug|x86.ActiveCfg = Debug|Any CPU
		{CACFF59C-13B7-4C2B-9FD1-41F0E3BACBFC}.Debug|x86.Build.0 = Debug|Any CPU
		{CACFF59C-13B7-4C2B-9FD1-41F0E3BACBFC}.Release|Any CPU.ActiveCfg = Release|Any CPU
		{CACFF59C-13B7-4C2B-9FD1-41F0E3BACBFC}.Release|Any CPU.Build.0 = Release|Any CPU
		{CACFF59C-13B7-4C2B-9FD1-41F0E3BACBFC}.Release|x64.ActiveCfg = Release|Any CPU
		{CACFF59C-13B7-4C2B-9FD1-41F0E3BACBFC}.Release|x64.Build.0 = Release|Any CPU
		{CACFF59C-13B7-4C2B-9FD1-41F0E3BACBFC}.Release|x86.ActiveCfg = Release|Any CPU
		{CACFF59C-13B7-4C2B-9FD1-41F0E3BACBFC}.Release|x86.Build.0 = Release|Any CPU
		{F80BBEFF-9160-405F-AA21-3734159165D1}.Debug|Any CPU.ActiveCfg = Debug|Any CPU
		{F80BBEFF-9160-405F-AA21-3734159165D1}.Debug|Any CPU.Build.0 = Debug|Any CPU
		{F80BBEFF-9160-405F-AA21-3734159165D1}.Debug|x64.ActiveCfg = Debug|Any CPU
		{F80BBEFF-9160-405F-AA21-3734159165D1}.Debug|x64.Build.0 = Debug|Any CPU
		{F80BBEFF-9160-405F-AA21-3734159165D1}.Debug|x86.ActiveCfg = Debug|Any CPU
		{F80BBEFF-9160-405F-AA21-3734159165D1}.Debug|x86.Build.0 = Debug|Any CPU
		{F80BBEFF-9160-405F-AA21-3734159165D1}.Release|Any CPU.ActiveCfg = Release|Any CPU
		{F80BBEFF-9160-405F-AA21-3734159165D1}.Release|Any CPU.Build.0 = Release|Any CPU
		{F80BBEFF-9160-405F-AA21-3734159165D1}.Release|x64.ActiveCfg = Release|Any CPU
		{F80BBEFF-9160-405F-AA21-3734159165D1}.Release|x64.Build.0 = Release|Any CPU
		{F80BBEFF-9160-405F-AA21-3734159165D1}.Release|x86.ActiveCfg = Release|Any CPU
		{F80BBEFF-9160-405F-AA21-3734159165D1}.Release|x86.Build.0 = Release|Any CPU
	EndGlobalSection
	GlobalSection(SolutionProperties) = preSolution
		HideSolutionNode = FALSE
	EndGlobalSection
EndGlobal
